
Microsoft Visual Studio Solution File, Format Version 12.00
# Visual Studio 15
VisualStudioVersion = 15.0.27703.2035
MinimumVisualStudioVersion = 10.0.40219.1
Project("{8BC9CEB8-8B4A-11D0-8D11-00A0C91BC942}") = "openGL-Test", "openGL-Test\openGL-Test.vcxproj", "{0F4A3630-B5DA-4F3D-8DF2-3B4AED5185B3}"
EndProject
Global
	GlobalSection(SolutionConfigurationPlatforms) = preSolution
		Debug|x64 = Debug|x64
		Debug|x86 = Debug|x86
		Release|x64 = Release|x64
		Release|x86 = Release|x86
	EndGlobalSection
	GlobalSection(ProjectConfigurationPlatforms) = postSolution
		{0F4A3630-B5DA-4F3D-8DF2-3B4AED5185B3}.Debug|x64.ActiveCfg = Debug|x64
		{0F4A3630-B5DA-4F3D-8DF2-3B4AED5185B3}.Debug|x64.Build.0 = Debug|x64
		{0F4A3630-B5DA-4F3D-8DF2-3B4AED5185B3}.Debug|x86.ActiveCfg = Debug|Win32
		{0F4A3630-B5DA-4F3D-8DF2-3B4AED5185B3}.Debug|x86.Build.0 = Debug|Win32
		{0F4A3630-B5DA-4F3D-8DF2-3B4AED5185B3}.Release|x64.ActiveCfg = Release|x64
		{0F4A3630-B5DA-4F3D-8DF2-3B4AED5185B3}.Release|x64.Build.0 = Release|x64
		{0F4A3630-B5DA-4F3D-8DF2-3B4AED5185B3}.Release|x86.ActiveCfg = Release|Win32
		{0F4A3630-B5DA-4F3D-8DF2-3B4AED5185B3}.Release|x86.Build.0 = Release|Win32
	EndGlobalSection
	GlobalSection(SolutionProperties) = preSolution
		HideSolutionNode = FALSE
	EndGlobalSection
	GlobalSection(ExtensibilityGlobals) = postSolution
		SolutionGuid = {F9AC3232-404D-4559-9433-2B43C2784BCB}
	EndGlobalSection
EndGlobal
